<?xml version="1.0" encoding="utf-8"?>
<Project ToolsVersion="4.0" xmlns="http://schemas.microsoft.com/developer/msbuild/2003">
  <ItemGroup>
    <Filter Include="Arquivos de Origem">
      <UniqueIdentifier>{4FC737F1-C7A5-4376-A066-2A32D752A2FF}</UniqueIdentifier>
      <Extensions>cpp;c;cc;cxx;def;odl;idl;hpj;bat;asm;asmx</Extensions>
    </Filter>
    <Filter Include="Arquivos de Cabeçalho">
      <UniqueIdentifier>{93995380-89BD-4b04-88EB-625FBE52EBFB}</UniqueIdentifier>
      <Extensions>h;hh;hpp;hxx;hm;inl;inc;ipp;xsd</Extensions>
    </Filter>
    <Filter Include="Arquivos de Recurso">
      <UniqueIdentifier>{67DA6AB6-F800-4c08-8B7A-83BB121AAD01}</UniqueIdentifier>
      <Extensions>rc;ico;cur;bmp;dlg;rc2;rct;bin;rgs;gif;jpg;jpeg;jpe;resx;tiff;tif;png;wav;mfcribbon-ms</Extensions>
    </Filter>
    <Filter Include="Utils">
      <UniqueIdentifier>{7bf6518d-eac5-49b0-b187-fd718198f9a5}</UniqueIdentifier>
    </Filter>
    <Filter Include="Insertion_Selection_Sorting">
      <UniqueIdentifier>{4ac5e1e5-a966-4b78-8428-20037b894059}</UniqueIdentifier>
    </Filter>
    <Filter Include="samples">
      <UniqueIdentifier>{9bd5cd2c-1b45-4f95-ab8f-7da1c7db0c21}</UniqueIdentifier>
    </Filter>
    <Filter Include="Quick_Merge_Sorting">
      <UniqueIdentifier>{d5016ba3-8f83-4f12-8f61-a7ffea264a78}</UniqueIdentifier>
    </Filter>
  </ItemGroup>
  <ItemGroup>
    <ClCompile Include="Utils\FileLoading.cpp">
      <Filter>Utils</Filter>
    </ClCompile>
    <ClCompile Include="main.cpp">
      <Filter>Arquivos de Origem</Filter>
    </ClCompile>
    <ClCompile Include="Results.cpp">
      <Filter>Arquivos de Origem</Filter>
    </ClCompile>
    <ClCompile Include="Insertion_Selection_Sorting\InsertionSelectionAlgorithms.cpp">
      <Filter>Insertion_Selection_Sorting</Filter>
    </ClCompile>
    <ClCompile Include="Quick_Merge_Sorting\QuickMergeAlgorithms.cpp">
      <Filter>Quick_Merge_Sorting</Filter>
    </ClCompile>
  </ItemGroup>
  <ItemGroup>
    <ClInclude Include="Utils\FileLoading.h">
      <Filter>Utils</Filter>
    </ClInclude>
    <ClInclude Include="Results.h">
      <Filter>Arquivos de Cabeçalho</Filter>
    </ClInclude>
    <ClInclude Include="Insertion_Selection_Sorting\InsertionSelectionAlgorithms.h">
      <Filter>Insertion_Selection_Sorting</Filter>
    </ClInclude>
    <ClInclude Include="Quick_Merge_Sorting\QuickMergeAlgorithms.h">
      <Filter>Quick_Merge_Sorting</Filter>
    </ClInclude>
  </ItemGroup>
  <ItemGroup>
    <None Include="samples\num.1000.1.in">
      <Filter>samples</Filter>
    </None>
    <None Include="samples\num.1000.2.in">
      <Filter>samples</Filter>
    </None>
    <None Include="samples\num.1000.3.in">
      <Filter>samples</Filter>
    </None>
    <None Include="samples\num.1000.4.in">
      <Filter>samples</Filter>
    </None>
    <None Include="samples\num.10000.1.in">
      <Filter>samples</Filter>
    </None>
    <None Include="samples\num.10000.2.in">
      <Filter>samples</Filter>
    </None>
    <None Include="samples\num.10000.3.in">
      <Filter>samples</Filter>
    </None>
    <None Include="samples\num.10000.4.in">
      <Filter>samples</Filter>
    </None>
    <None Include="samples\num.100000.1.in">
      <Filter>samples</Filter>
    </None>
    <None Include="samples\num.100000.2.in">
      <Filter>samples</Filter>
    </None>
    <None Include="samples\num.100000.3.in">
      <Filter>samples</Filter>
    </None>
    <None Include="samples\num.100000.4.in">
      <Filter>samples</Filter>
    </None>
  </ItemGroup>
</Project>